
Microsoft Visual Studio Solution File, Format Version 12.00
# Visual Studio Version 17
VisualStudioVersion = 17.5.002.0
MinimumVisualStudioVersion = 10.0.40219.1
Project("{9A19103F-16F7-4668-BE54-9A1E7A4F7556}") = "Exercicio1", "Exercicio1.csproj", "{C5E32675-4DB0-4137-9A3E-6D3626E10E7E}"
EndProject
Global
	GlobalSection(SolutionConfigurationPlatforms) = preSolution
		Debug|Any CPU = Debug|Any CPU
		Release|Any CPU = Release|Any CPU
	EndGlobalSection
	GlobalSection(ProjectConfigurationPlatforms) = postSolution
		{C5E32675-4DB0-4137-9A3E-6D3626E10E7E}.Debug|Any CPU.ActiveCfg = Debug|Any CPU
		{C5E32675-4DB0-4137-9A3E-6D3626E10E7E}.Debug|Any CPU.Build.0 = Debug|Any CPU
		{C5E32675-4DB0-4137-9A3E-6D3626E10E7E}.Release|Any CPU.ActiveCfg = Release|Any CPU
		{C5E32675-4DB0-4137-9A3E-6D3626E10E7E}.Release|Any CPU.Build.0 = Release|Any CPU
	EndGlobalSection
	GlobalSection(SolutionProperties) = preSolution
		HideSolutionNode = FALSE
	EndGlobalSection
	GlobalSection(ExtensibilityGlobals) = postSolution
		SolutionGuid = {C09F552F-7B41-4267-875C-569B62E11CA2}
	EndGlobalSection
EndGlobal
