
Microsoft Visual Studio Solution File, Format Version 12.00
# Visual Studio Version 17
VisualStudioVersion = 17.5.002.0
MinimumVisualStudioVersion = 10.0.40219.1
Project("{9A19103F-16F7-4668-BE54-9A1E7A4F7556}") = "Exercicio2", "Exercicio2.csproj", "{EAFED895-A482-481D-9C07-BB6534D0B311}"
EndProject
Global
	GlobalSection(SolutionConfigurationPlatforms) = preSolution
		Debug|Any CPU = Debug|Any CPU
		Release|Any CPU = Release|Any CPU
	EndGlobalSection
	GlobalSection(ProjectConfigurationPlatforms) = postSolution
		{EAFED895-A482-481D-9C07-BB6534D0B311}.Debug|Any CPU.ActiveCfg = Debug|Any CPU
		{EAFED895-A482-481D-9C07-BB6534D0B311}.Debug|Any CPU.Build.0 = Debug|Any CPU
		{EAFED895-A482-481D-9C07-BB6534D0B311}.Release|Any CPU.ActiveCfg = Release|Any CPU
		{EAFED895-A482-481D-9C07-BB6534D0B311}.Release|Any CPU.Build.0 = Release|Any CPU
	EndGlobalSection
	GlobalSection(SolutionProperties) = preSolution
		HideSolutionNode = FALSE
	EndGlobalSection
	GlobalSection(ExtensibilityGlobals) = postSolution
		SolutionGuid = {818DD0A6-6769-4EF3-AEA3-F27A1B3BE5A4}
	EndGlobalSection
EndGlobal
