
Microsoft Visual Studio Solution File, Format Version 12.00
# Visual Studio Version 17
VisualStudioVersion = 17.5.002.0
MinimumVisualStudioVersion = 10.0.40219.1
Project("{9A19103F-16F7-4668-BE54-9A1E7A4F7556}") = "Exercicio3", "Exercicio3.csproj", "{368F42AC-29C8-42A0-A4DE-EA722874A4FE}"
EndProject
Global
	GlobalSection(SolutionConfigurationPlatforms) = preSolution
		Debug|Any CPU = Debug|Any CPU
		Release|Any CPU = Release|Any CPU
	EndGlobalSection
	GlobalSection(ProjectConfigurationPlatforms) = postSolution
		{368F42AC-29C8-42A0-A4DE-EA722874A4FE}.Debug|Any CPU.ActiveCfg = Debug|Any CPU
		{368F42AC-29C8-42A0-A4DE-EA722874A4FE}.Debug|Any CPU.Build.0 = Debug|Any CPU
		{368F42AC-29C8-42A0-A4DE-EA722874A4FE}.Release|Any CPU.ActiveCfg = Release|Any CPU
		{368F42AC-29C8-42A0-A4DE-EA722874A4FE}.Release|Any CPU.Build.0 = Release|Any CPU
	EndGlobalSection
	GlobalSection(SolutionProperties) = preSolution
		HideSolutionNode = FALSE
	EndGlobalSection
	GlobalSection(ExtensibilityGlobals) = postSolution
		SolutionGuid = {0D222562-19E1-4BAB-9D23-1B01DB7D8E00}
	EndGlobalSection
EndGlobal
